{
  "name": "spinLockDefer",
  "version": "0.0.0",
  "dependencies": {
    "hiredis": {
      "version": "0.1.17",
      "from": "hiredis@^0.1.17",
      "resolved": "https://registry.npmjs.org/hiredis/-/hiredis-0.1.17.tgz",
      "dependencies": {
        "bindings": {
          "version": "1.2.1",
          "from": "bindings@*",
          "resolved": "https://registry.npmjs.org/bindings/-/bindings-1.2.1.tgz"
        },
        "nan": {
          "version": "1.1.2",
          "from": "nan@~1.1.0",
          "resolved": "https://registry.npmjs.org/nan/-/nan-1.1.2.tgz"
        }
      }
    },
    "lodash": {
      "version": "2.4.1",
      "from": "lodash@^2.4.1"
    },
    "q": {
      "version": "1.0.1",
      "from": "q@^1.0.1"
    },
    "redis": {
      "version": "0.11.0",
      "from": "redis@^0.11.0",
      "resolved": "https://registry.npmjs.org/redis/-/redis-0.11.0.tgz"
    }
  }
}
